PODS:
  - Flutter (1.0.0)
  - flutter_klarna_payment (0.0.1):
    - Flutter
    - KlarnaMobileSDK (~> 2.10.0)
  - integration_test (0.0.1):
    - Flutter
  - KlarnaMobileSDK (2.10.1):
    - KlarnaMobileSDK/basic (= 2.10.1)
  - KlarnaMobileSDK/basic (2.10.1)

DEPENDENCIES:
  - Flutter (from `Flutter`)
  - flutter_klarna_payment (from `.symlinks/plugins/flutter_klarna_payment/ios`)
  - integration_test (from `.symlinks/plugins/integration_test/ios`)

SPEC REPOS:
  trunk:
    - KlarnaMobileSDK

EXTERNAL SOURCES:
  Flutter:
    :path: Flutter
  flutter_klarna_payment:
    :path: ".symlinks/plugins/flutter_klarna_payment/ios"
  integration_test:
    :path: ".symlinks/plugins/integration_test/ios"

SPEC CHECKSUMS:
  Flutter: e0871f40cf51350855a761d2e70bf5af5b9b5de7
  flutter_klarna_payment: b5d7549a96168c4526ca669ad9a430046d7d383f
  integration_test: 252f60fa39af5e17c3aa9899d35d908a0721b573
  KlarnaMobileSDK: 4d1acf86e14fe374a7341280ee5ca975538ac34d

PODFILE CHECKSUM: 819463e6a0290f5a72f145ba7cde16e8b6ef0796

COCOAPODS: 1.15.2
